
Microsoft Visual Studio Solution File, Format Version 12.00
# Visual Studio 15
VisualStudioVersion = 15.0.26124.0
MinimumVisualStudioVersion = 15.0.26124.0
Project("{9A19103F-16F7-4668-BE54-9A1E7A4F7556}") = "ZKTECO.TM.WEB", "ZKTECO.TM.WEB\ZKTECO.TM.WEB.csproj", "{E6212D4C-60E2-479F-B53C-59B164A83EED}"
EndProject
Project("{9A19103F-16F7-4668-BE54-9A1E7A4F7556}") = "ZKTECO.TM.Utilities", "ZKTECO.TM.Utilities\ZKTECO.TM.Utilities.csproj", "{457F235E-35CF-42A4-B757-6D096040E311}"
EndProject
Project("{9A19103F-16F7-4668-BE54-9A1E7A4F7556}") = "ZKTECO.TM.Services", "ZKTECO.TM.Services\ZKTECO.TM.Services.csproj", "{99726BCE-DB45-484B-8700-DD14AB4009B9}"
EndProject
Project("{9A19103F-16F7-4668-BE54-9A1E7A4F7556}") = "ZKTECO.TM.Repositories", "ZKTECO.TM.Repositories\ZKTECO.TM.Repositories.csproj", "{74BF1DAA-4130-40D6-A7F4-0222AC7688C7}"
EndProject
Project("{9A19103F-16F7-4668-BE54-9A1E7A4F7556}") = "ZKTECO.TM.Entities", "ZKTECO.TM.Entities\ZKTECO.TM.Entities.csproj", "{7BAF24FB-08CA-4C1B-A234-8087D54C667B}"
EndProject
Project("{9A19103F-16F7-4668-BE54-9A1E7A4F7556}") = "ZKTECO.TM.Database", "ZKTECO.TM.Database\ZKTECO.TM.Database.csproj", "{CCEAC11F-E82A-4C20-B18C-64EA9930912E}"
EndProject
Project("{9A19103F-16F7-4668-BE54-9A1E7A4F7556}") = "ZKTECO.TM.Entities.Dtos", "ZKTECO.TM.Entities.Dtos\ZKTECO.TM.Entities.Dtos.csproj", "{99E92446-6E2C-451D-BC6A-015365846CFC}"
EndProject
Global
	GlobalSection(SolutionConfigurationPlatforms) = preSolution
		Debug|Any CPU = Debug|Any CPU
		Release|Any CPU = Release|Any CPU
	EndGlobalSection
	GlobalSection(ProjectConfigurationPlatforms) = postSolution
		{E6212D4C-60E2-479F-B53C-59B164A83EED}.Debug|Any CPU.ActiveCfg = Debug|Any CPU
		{E6212D4C-60E2-479F-B53C-59B164A83EED}.Debug|Any CPU.Build.0 = Debug|Any CPU
		{E6212D4C-60E2-479F-B53C-59B164A83EED}.Release|Any CPU.ActiveCfg = Release|Any CPU
		{E6212D4C-60E2-479F-B53C-59B164A83EED}.Release|Any CPU.Build.0 = Release|Any CPU
		{457F235E-35CF-42A4-B757-6D096040E311}.Debug|Any CPU.ActiveCfg = Debug|Any CPU
		{457F235E-35CF-42A4-B757-6D096040E311}.Debug|Any CPU.Build.0 = Debug|Any CPU
		{457F235E-35CF-42A4-B757-6D096040E311}.Release|Any CPU.ActiveCfg = Release|Any CPU
		{457F235E-35CF-42A4-B757-6D096040E311}.Release|Any CPU.Build.0 = Release|Any CPU
		{99726BCE-DB45-484B-8700-DD14AB4009B9}.Debug|Any CPU.ActiveCfg = Debug|Any CPU
		{99726BCE-DB45-484B-8700-DD14AB4009B9}.Debug|Any CPU.Build.0 = Debug|Any CPU
		{99726BCE-DB45-484B-8700-DD14AB4009B9}.Release|Any CPU.ActiveCfg = Release|Any CPU
		{99726BCE-DB45-484B-8700-DD14AB4009B9}.Release|Any CPU.Build.0 = Release|Any CPU
		{74BF1DAA-4130-40D6-A7F4-0222AC7688C7}.Debug|Any CPU.ActiveCfg = Debug|Any CPU
		{74BF1DAA-4130-40D6-A7F4-0222AC7688C7}.Debug|Any CPU.Build.0 = Debug|Any CPU
		{74BF1DAA-4130-40D6-A7F4-0222AC7688C7}.Release|Any CPU.ActiveCfg = Release|Any CPU
		{74BF1DAA-4130-40D6-A7F4-0222AC7688C7}.Release|Any CPU.Build.0 = Release|Any CPU
		{7BAF24FB-08CA-4C1B-A234-8087D54C667B}.Debug|Any CPU.ActiveCfg = Debug|Any CPU
		{7BAF24FB-08CA-4C1B-A234-8087D54C667B}.Debug|Any CPU.Build.0 = Debug|Any CPU
		{7BAF24FB-08CA-4C1B-A234-8087D54C667B}.Release|Any CPU.ActiveCfg = Release|Any CPU
		{7BAF24FB-08CA-4C1B-A234-8087D54C667B}.Release|Any CPU.Build.0 = Release|Any CPU
		{CCEAC11F-E82A-4C20-B18C-64EA9930912E}.Debug|Any CPU.ActiveCfg = Debug|Any CPU
		{CCEAC11F-E82A-4C20-B18C-64EA9930912E}.Debug|Any CPU.Build.0 = Debug|Any CPU
		{CCEAC11F-E82A-4C20-B18C-64EA9930912E}.Release|Any CPU.ActiveCfg = Release|Any CPU
		{CCEAC11F-E82A-4C20-B18C-64EA9930912E}.Release|Any CPU.Build.0 = Release|Any CPU
		{99E92446-6E2C-451D-BC6A-015365846CFC}.Debug|Any CPU.ActiveCfg = Debug|Any CPU
		{99E92446-6E2C-451D-BC6A-015365846CFC}.Debug|Any CPU.Build.0 = Debug|Any CPU
		{99E92446-6E2C-451D-BC6A-015365846CFC}.Release|Any CPU.ActiveCfg = Release|Any CPU
		{99E92446-6E2C-451D-BC6A-015365846CFC}.Release|Any CPU.Build.0 = Release|Any CPU
	EndGlobalSection
	GlobalSection(SolutionProperties) = preSolution
		HideSolutionNode = FALSE
	EndGlobalSection
	GlobalSection(ExtensibilityGlobals) = postSolution
		SolutionGuid = {8CF2FB1E-141A-4250-AB4C-D16A1B974F7D}
	EndGlobalSection
	GlobalSection(TeamFoundationVersionControl) = preSolution
		SccNumberOfProjects = 8
		SccEnterpriseProvider = {4CA58AB2-18FA-4F8D-95D4-32DDF27D184C}
		SccTeamFoundationServer = https://gruposicoss.visualstudio.com/
		SccLocalPath0 = .
		SccProjectUniqueName1 = ZKTECO.TM.Database\\ZKTECO.TM.Database.csproj
		SccProjectName1 = ZKTECO.TM.Database
		SccLocalPath1 = ZKTECO.TM.Database
		SccProjectUniqueName2 = ZKTECO.TM.Entities.Dtos\\ZKTECO.TM.Entities.Dtos.csproj
		SccProjectName2 = ZKTECO.TM.Entities.Dtos
		SccLocalPath2 = ZKTECO.TM.Entities.Dtos
		SccProjectUniqueName3 = ZKTECO.TM.Entities\\ZKTECO.TM.Entities.csproj
		SccProjectName3 = ZKTECO.TM.Entities
		SccLocalPath3 = ZKTECO.TM.Entities
		SccProjectUniqueName4 = ZKTECO.TM.Repositories\\ZKTECO.TM.Repositories.csproj
		SccProjectName4 = ZKTECO.TM.Repositories
		SccLocalPath4 = ZKTECO.TM.Repositories
		SccProjectUniqueName5 = ZKTECO.TM.Services\\ZKTECO.TM.Services.csproj
		SccProjectName5 = ZKTECO.TM.Services
		SccLocalPath5 = ZKTECO.TM.Services
		SccProjectUniqueName6 = ZKTECO.TM.Utilities\\ZKTECO.TM.Utilities.csproj
		SccProjectName6 = ZKTECO.TM.Utilities
		SccLocalPath6 = ZKTECO.TM.Utilities
		SccProjectUniqueName7 = ZKTECO.TM.WEB\\ZKTECO.TM.WEB.csproj
		SccProjectName7 = ZKTECO.TM.WEB
		SccLocalPath7 = ZKTECO.TM.WEB
	EndGlobalSection
EndGlobal
